
Microsoft Visual Studio Solution File, Format Version 12.00
# Visual Studio Version 17
VisualStudioVersion = 17.2.32616.157
MinimumVisualStudioVersion = 10.0.40219.1
Project("{9A19103F-16F7-4668-BE54-9A1E7A4F7556}") = "MinimalApiDemo", "MinimalApiDemo.csproj", "{1951A218-8598-4D7B-BBFD-F5C5AAC79D38}"
EndProject
Project("{00D1A9C2-B5F0-4AF3-8072-F6C62B433612}") = "UserDB", "..\UserDB\UserDB.sqlproj", "{5CFF1EDB-661F-4BF5-AE9B-D2BD2C24DA9B}"
EndProject
Global
	GlobalSection(SolutionConfigurationPlatforms) = preSolution
		Debug|Any CPU = Debug|Any CPU
		Release|Any CPU = Release|Any CPU
	EndGlobalSection
	GlobalSection(ProjectConfigurationPlatforms) = postSolution
		{1951A218-8598-4D7B-BBFD-F5C5AAC79D38}.Debug|Any CPU.ActiveCfg = Debug|Any CPU
		{1951A218-8598-4D7B-BBFD-F5C5AAC79D38}.Debug|Any CPU.Build.0 = Debug|Any CPU
		{1951A218-8598-4D7B-BBFD-F5C5AAC79D38}.Release|Any CPU.ActiveCfg = Release|Any CPU
		{1951A218-8598-4D7B-BBFD-F5C5AAC79D38}.Release|Any CPU.Build.0 = Release|Any CPU
		{5CFF1EDB-661F-4BF5-AE9B-D2BD2C24DA9B}.Debug|Any CPU.ActiveCfg = Debug|Any CPU
		{5CFF1EDB-661F-4BF5-AE9B-D2BD2C24DA9B}.Debug|Any CPU.Build.0 = Debug|Any CPU
		{5CFF1EDB-661F-4BF5-AE9B-D2BD2C24DA9B}.Debug|Any CPU.Deploy.0 = Debug|Any CPU
		{5CFF1EDB-661F-4BF5-AE9B-D2BD2C24DA9B}.Release|Any CPU.ActiveCfg = Release|Any CPU
		{5CFF1EDB-661F-4BF5-AE9B-D2BD2C24DA9B}.Release|Any CPU.Build.0 = Release|Any CPU
		{5CFF1EDB-661F-4BF5-AE9B-D2BD2C24DA9B}.Release|Any CPU.Deploy.0 = Release|Any CPU
	EndGlobalSection
	GlobalSection(SolutionProperties) = preSolution
		HideSolutionNode = FALSE
	EndGlobalSection
	GlobalSection(ExtensibilityGlobals) = postSolution
		SolutionGuid = {45018CC6-41BB-4552-8276-AE7915D5BB72}
	EndGlobalSection
EndGlobal
